// !$*UTF8*$!
{
	archiveVersion = 1;
	classes = {
	};
	objectVersion = 56;
	objects = {

/* Begin PBXBuildFile section */
		CEC155872C400FCB0030B3C5 /* NetworkManager.swift in Sources */ = {isa = PBXBuildFile; fileRef = CEC155862C400FCA0030B3C5 /* NetworkManager.swift */; };
		CEC1558A2C40FBAD0030B3C5 /* SearchViewController.swift in Sources */ = {isa = PBXBuildFile; fileRef = CEC155892C40FBAD0030B3C5 /* SearchViewController.swift */; };
		CEC1558C2C40FBB80030B3C5 /* SearchView.swift in Sources */ = {isa = PBXBuildFile; fileRef = CEC1558B2C40FBB80030B3C5 /* SearchView.swift */; };
		CEC1558F2C4106E40030B3C5 /* Icon.swift in Sources */ = {isa = PBXBuildFile; fileRef = CEC1558E2C4106E40030B3C5 /* Icon.swift */; };
		CEC155912C41343D0030B3C5 /* WeatherViewModel.swift in Sources */ = {isa = PBXBuildFile; fileRef = CEC155902C41343D0030B3C5 /* WeatherViewModel.swift */; };
		CEC155932C4134970030B3C5 /* SearchViewModel.swift in Sources */ = {isa = PBXBuildFile; fileRef = CEC155922C4134970030B3C5 /* SearchViewModel.swift */; };
		CEC155952C41492A0030B3C5 /* CurrentWeather.swift in Sources */ = {isa = PBXBuildFile; fileRef = CEC155942C41492A0030B3C5 /* CurrentWeather.swift */; };
		CEC155982C4150410030B3C5 /* Reusable.swift in Sources */ = {isa = PBXBuildFile; fileRef = CEC155972C4150410030B3C5 /* Reusable.swift */; };
		CEC1559A2C42667E0030B3C5 /* WeatherCondition.swift in Sources */ = {isa = PBXBuildFile; fileRef = CEC155992C42667E0030B3C5 /* WeatherCondition.swift */; };
		CEE022D72C3ED7AC00208A8A /* AppDelegate.swift in Sources */ = {isa = PBXBuildFile; fileRef = CEE022D62C3ED7AC00208A8A /* AppDelegate.swift */; };
		CEE022D92C3ED7AC00208A8A /* SceneDelegate.swift in Sources */ = {isa = PBXBuildFile; fileRef = CEE022D82C3ED7AC00208A8A /* SceneDelegate.swift */; };
		CEE022DB2C3ED7AC00208A8A /* WeatherViewController.swift in Sources */ = {isa = PBXBuildFile; fileRef = CEE022DA2C3ED7AC00208A8A /* WeatherViewController.swift */; };
		CEE022E02C3ED7AE00208A8A /* Assets.xcassets in Resources */ = {isa = PBXBuildFile; fileRef = CEE022DF2C3ED7AE00208A8A /* Assets.xcassets */; };
		CEE022E32C3ED7AE00208A8A /* Base in Resources */ = {isa = PBXBuildFile; fileRef = CEE022E22C3ED7AE00208A8A /* Base */; };
		CEE022EE2C3EE66B00208A8A /* BaseViewController.swift in Sources */ = {isa = PBXBuildFile; fileRef = CEE022ED2C3EE66B00208A8A /* BaseViewController.swift */; };
		CEE022F02C3EF41900208A8A /* BaseView.swift in Sources */ = {isa = PBXBuildFile; fileRef = CEE022EF2C3EF41900208A8A /* BaseView.swift */; };
		CEE022F32C3EF61200208A8A /* IdentifierProtocol.swift in Sources */ = {isa = PBXBuildFile; fileRef = CEE022F22C3EF61200208A8A /* IdentifierProtocol.swift */; };
		CEE022F52C3EF67E00208A8A /* Observable.swift in Sources */ = {isa = PBXBuildFile; fileRef = CEE022F42C3EF67E00208A8A /* Observable.swift */; };
		CEE022F72C3EF77500208A8A /* WeatherView.swift in Sources */ = {isa = PBXBuildFile; fileRef = CEE022F62C3EF77500208A8A /* WeatherView.swift */; };
		CEE022FA2C3EF84A00208A8A /* Alamofire in Frameworks */ = {isa = PBXBuildFile; productRef = CEE022F92C3EF84A00208A8A /* Alamofire */; };
		CEE022FD2C3EFAEE00208A8A /* APIRouter.swift in Sources */ = {isa = PBXBuildFile; fileRef = CEE022FC2C3EFAEE00208A8A /* APIRouter.swift */; };
		CEE022FF2C3F573300208A8A /* APIKey.swift in Sources */ = {isa = PBXBuildFile; fileRef = CEE022FE2C3F573300208A8A /* APIKey.swift */; };
		CEE0230F2C3FFF2B00208A8A /* CityList.json in Resources */ = {isa = PBXBuildFile; fileRef = CEE0230E2C3FFF2B00208A8A /* CityList.json */; };
		CEE023132C40006B00208A8A /* City.swift in Sources */ = {isa = PBXBuildFile; fileRef = CEE023122C40006B00208A8A /* City.swift */; };
/* End PBXBuildFile section */

/* Begin PBXFileReference section */
		CEC155862C400FCA0030B3C5 /* NetworkManager.swift */ = {isa = PBXFileReference; lastKnownFileType = sourcecode.swift; path = NetworkManager.swift; sourceTree = "<group>"; };
		CEC155892C40FBAD0030B3C5 /* SearchViewController.swift */ = {isa = PBXFileReference; lastKnownFileType = sourcecode.swift; path = SearchViewController.swift; sourceTree = "<group>"; };
		CEC1558B2C40FBB80030B3C5 /* SearchView.swift */ = {isa = PBXFileReference; lastKnownFileType = sourcecode.swift; path = SearchView.swift; sourceTree = "<group>"; };
		CEC1558E2C4106E40030B3C5 /* Icon.swift */ = {isa = PBXFileReference; lastKnownFileType = sourcecode.swift; path = Icon.swift; sourceTree = "<group>"; };
		CEC155902C41343D0030B3C5 /* WeatherViewModel.swift */ = {isa = PBXFileReference; lastKnownFileType = sourcecode.swift; path = WeatherViewModel.swift; sourceTree = "<group>"; };
		CEC155922C4134970030B3C5 /* SearchViewModel.swift */ = {isa = PBXFileReference; lastKnownFileType = sourcecode.swift; path = SearchViewModel.swift; sourceTree = "<group>"; };
		CEC155942C41492A0030B3C5 /* CurrentWeather.swift */ = {isa = PBXFileReference; lastKnownFileType = sourcecode.swift; path = CurrentWeather.swift; sourceTree = "<group>"; };
		CEC155972C4150410030B3C5 /* Reusable.swift */ = {isa = PBXFileReference; lastKnownFileType = sourcecode.swift; path = Reusable.swift; sourceTree = "<group>"; };
		CEC155992C42667E0030B3C5 /* WeatherCondition.swift */ = {isa = PBXFileReference; lastKnownFileType = sourcecode.swift; path = WeatherCondition.swift; sourceTree = "<group>"; };
		CEE022D32C3ED7AC00208A8A /* Weather.app */ = {isa = PBXFileReference; explicitFileType = wrapper.application; includeInIndex = 0; path = Weather.app; sourceTree = BUILT_PRODUCTS_DIR; };
		CEE022D62C3ED7AC00208A8A /* AppDelegate.swift */ = {isa = PBXFileReference; lastKnownFileType = sourcecode.swift; path = AppDelegate.swift; sourceTree = "<group>"; };
		CEE022D82C3ED7AC00208A8A /* SceneDelegate.swift */ = {isa = PBXFileReference; lastKnownFileType = sourcecode.swift; path = SceneDelegate.swift; sourceTree = "<group>"; };
		CEE022DA2C3ED7AC00208A8A /* WeatherViewController.swift */ = {isa = PBXFileReference; lastKnownFileType = sourcecode.swift; path = WeatherViewController.swift; sourceTree = "<group>"; };
		CEE022DF2C3ED7AE00208A8A /* Assets.xcassets */ = {isa = PBXFileReference; lastKnownFileType = folder.assetcatalog; path = Assets.xcassets; sourceTree = "<group>"; };
		CEE022E22C3ED7AE00208A8A /* Base */ = {isa = PBXFileReference; lastKnownFileType = file.storyboard; name = Base; path = Base.lproj/LaunchScreen.storyboard; sourceTree = "<group>"; };
		CEE022E42C3ED7AE00208A8A /* Info.plist */ = {isa = PBXFileReference; lastKnownFileType = text.plist.xml; path = Info.plist; sourceTree = "<group>"; };
		CEE022ED2C3EE66B00208A8A /* BaseViewController.swift */ = {isa = PBXFileReference; lastKnownFileType = sourcecode.swift; path = BaseViewController.swift; sourceTree = "<group>"; };
		CEE022EF2C3EF41900208A8A /* BaseView.swift */ = {isa = PBXFileReference; lastKnownFileType = sourcecode.swift; path = BaseView.swift; sourceTree = "<group>"; };
		CEE022F22C3EF61200208A8A /* IdentifierProtocol.swift */ = {isa = PBXFileReference; lastKnownFileType = sourcecode.swift; path = IdentifierProtocol.swift; sourceTree = "<group>"; };
		CEE022F42C3EF67E00208A8A /* Observable.swift */ = {isa = PBXFileReference; lastKnownFileType = sourcecode.swift; path = Observable.swift; sourceTree = "<group>"; };
		CEE022F62C3EF77500208A8A /* WeatherView.swift */ = {isa = PBXFileReference; lastKnownFileType = sourcecode.swift; path = WeatherView.swift; sourceTree = "<group>"; };
		CEE022FC2C3EFAEE00208A8A /* APIRouter.swift */ = {isa = PBXFileReference; lastKnownFileType = sourcecode.swift; path = APIRouter.swift; sourceTree = "<group>"; };
		CEE022FE2C3F573300208A8A /* APIKey.swift */ = {isa = PBXFileReference; lastKnownFileType = sourcecode.swift; path = APIKey.swift; sourceTree = "<group>"; };
		CEE0230E2C3FFF2B00208A8A /* CityList.json */ = {isa = PBXFileReference; fileEncoding = 4; lastKnownFileType = text.json; path = CityList.json; sourceTree = "<group>"; };
		CEE023122C40006B00208A8A /* City.swift */ = {isa = PBXFileReference; lastKnownFileType = sourcecode.swift; path = City.swift; sourceTree = "<group>"; };
/* End PBXFileReference section */

/* Begin PBXFrameworksBuildPhase section */
		CEE022D02C3ED7AC00208A8A /* Frameworks */ = {
			isa = PBXFrameworksBuildPhase;
			buildActionMask = 2147483647;
			files = (
				CEE022FA2C3EF84A00208A8A /* Alamofire in Frameworks */,
			);
			runOnlyForDeploymentPostprocessing = 0;
		};
/* End PBXFrameworksBuildPhase section */

/* Begin PBXGroup section */
		CEC155882C40FB710030B3C5 /* Search */ = {
			isa = PBXGroup;
			children = (
				CEC1558B2C40FBB80030B3C5 /* SearchView.swift */,
				CEC155892C40FBAD0030B3C5 /* SearchViewController.swift */,
				CEC155922C4134970030B3C5 /* SearchViewModel.swift */,
			);
			path = Search;
			sourceTree = "<group>";
		};
		CEC1558D2C4106D20030B3C5 /* UIBox */ = {
			isa = PBXGroup;
			children = (
				CEC1558E2C4106E40030B3C5 /* Icon.swift */,
			);
			path = UIBox;
			sourceTree = "<group>";
		};
		CEE022CA2C3ED7AB00208A8A = {
			isa = PBXGroup;
			children = (
				CEE022D52C3ED7AC00208A8A /* Weather */,
				CEE022D42C3ED7AC00208A8A /* Products */,
			);
			sourceTree = "<group>";
		};
		CEE022D42C3ED7AC00208A8A /* Products */ = {
			isa = PBXGroup;
			children = (
				CEE022D32C3ED7AC00208A8A /* Weather.app */,
			);
			name = Products;
			sourceTree = "<group>";
		};
		CEE022D52C3ED7AC00208A8A /* Weather */ = {
			isa = PBXGroup;
			children = (
				CEE022EC2C3EE60E00208A8A /* App */,
				CEE022F12C3EF5F000208A8A /* Util */,
				CEE023112C40004E00208A8A /* Model */,
				CEE022FB2C3EFA9D00208A8A /* Network */,
				CEE022EB2C3EE60400208A8A /* Base */,
				CEE022EA2C3EE5F500208A8A /* Main */,
				CEC155882C40FB710030B3C5 /* Search */,
				CEE023102C3FFF7600208A8A /* Resource */,
			);
			path = Weather;
			sourceTree = "<group>";
		};
		CEE022EA2C3EE5F500208A8A /* Main */ = {
			isa = PBXGroup;
			children = (
				CEE022F62C3EF77500208A8A /* WeatherView.swift */,
				CEE022DA2C3ED7AC00208A8A /* WeatherViewController.swift */,
				CEC155902C41343D0030B3C5 /* WeatherViewModel.swift */,
			);
			path = Main;
			sourceTree = "<group>";
		};
		CEE022EB2C3EE60400208A8A /* Base */ = {
			isa = PBXGroup;
			children = (
				CEE022EF2C3EF41900208A8A /* BaseView.swift */,
				CEE022ED2C3EE66B00208A8A /* BaseViewController.swift */,
			);
			path = Base;
			sourceTree = "<group>";
		};
		CEE022EC2C3EE60E00208A8A /* App */ = {
			isa = PBXGroup;
			children = (
				CEE022E12C3ED7AE00208A8A /* LaunchScreen.storyboard */,
				CEE022D62C3ED7AC00208A8A /* AppDelegate.swift */,
				CEE022D82C3ED7AC00208A8A /* SceneDelegate.swift */,
			);
			path = App;
			sourceTree = "<group>";
		};
		CEE022F12C3EF5F000208A8A /* Util */ = {
			isa = PBXGroup;
			children = (
				CEE022F22C3EF61200208A8A /* IdentifierProtocol.swift */,
				CEE022F42C3EF67E00208A8A /* Observable.swift */,
				CEC155992C42667E0030B3C5 /* WeatherCondition.swift */,
			);
			path = Util;
			sourceTree = "<group>";
		};
		CEE022FB2C3EFA9D00208A8A /* Network */ = {
			isa = PBXGroup;
			children = (
				CEE022FE2C3F573300208A8A /* APIKey.swift */,
				CEE022FC2C3EFAEE00208A8A /* APIRouter.swift */,
				CEC155862C400FCA0030B3C5 /* NetworkManager.swift */,
			);
			path = Network;
			sourceTree = "<group>";
		};
		CEE023102C3FFF7600208A8A /* Resource */ = {
			isa = PBXGroup;
			children = (
				CEC1558D2C4106D20030B3C5 /* UIBox */,
				CEE0230E2C3FFF2B00208A8A /* CityList.json */,
				CEE022E42C3ED7AE00208A8A /* Info.plist */,
				CEE022DF2C3ED7AE00208A8A /* Assets.xcassets */,
			);
			path = Resource;
			sourceTree = "<group>";
		};
		CEE023112C40004E00208A8A /* Model */ = {
			isa = PBXGroup;
			children = (
				CEC155972C4150410030B3C5 /* Reusable.swift */,
				CEE023122C40006B00208A8A /* City.swift */,
				CEC155942C41492A0030B3C5 /* CurrentWeather.swift */,
			);
			path = Model;
			sourceTree = "<group>";
		};
/* End PBXGroup section */

/* Begin PBXNativeTarget section */
		CEE022D22C3ED7AC00208A8A /* Weather */ = {
			isa = PBXNativeTarget;
			buildConfigurationList = CEE022E72C3ED7AE00208A8A /* Build configuration list for PBXNativeTarget "Weather" */;
			buildPhases = (
				CEE022CF2C3ED7AC00208A8A /* Sources */,
				CEE022D02C3ED7AC00208A8A /* Frameworks */,
				CEE022D12C3ED7AC00208A8A /* Resources */,
			);
			buildRules = (
			);
			dependencies = (
			);
			name = Weather;
			packageProductDependencies = (
				CEE022F92C3EF84A00208A8A /* Alamofire */,
			);
			productName = Weather;
			productReference = CEE022D32C3ED7AC00208A8A /* Weather.app */;
			productType = "com.apple.product-type.application";
		};
/* End PBXNativeTarget section */

/* Begin PBXProject section */
		CEE022CB2C3ED7AB00208A8A /* Project object */ = {
			isa = PBXProject;
			attributes = {
				BuildIndependentTargetsInParallel = 1;
				LastSwiftUpdateCheck = 1540;
				LastUpgradeCheck = 1540;
				TargetAttributes = {
					CEE022D22C3ED7AC00208A8A = {
						CreatedOnToolsVersion = 15.4;
					};
				};
			};
			buildConfigurationList = CEE022CE2C3ED7AB00208A8A /* Build configuration list for PBXProject "Weather" */;
			compatibilityVersion = "Xcode 14.0";
			developmentRegion = en;
			hasScannedForEncodings = 0;
			knownRegions = (
				en,
				Base,
			);
			mainGroup = CEE022CA2C3ED7AB00208A8A;
			packageReferences = (
				CEE022F82C3EF84A00208A8A /* XCRemoteSwiftPackageReference "Alamofire" */,
			);
			productRefGroup = CEE022D42C3ED7AC00208A8A /* Products */;
			projectDirPath = "";
			projectRoot = "";
			targets = (
				CEE022D22C3ED7AC00208A8A /* Weather */,
			);
		};
/* End PBXProject section */

/* Begin PBXResourcesBuildPhase section */
		CEE022D12C3ED7AC00208A8A /* Resources */ = {
			isa = PBXResourcesBuildPhase;
			buildActionMask = 2147483647;
			files = (
				CEE022E02C3ED7AE00208A8A /* Assets.xcassets in Resources */,
				CEE0230F2C3FFF2B00208A8A /* CityList.json in Resources */,
				CEE022E32C3ED7AE00208A8A /* Base in Resources */,
			);
			runOnlyForDeploymentPostprocessing = 0;
		};
/* End PBXResourcesBuildPhase section */

/* Begin PBXSourcesBuildPhase section */
		CEE022CF2C3ED7AC00208A8A /* Sources */ = {
			isa = PBXSourcesBuildPhase;
			buildActionMask = 2147483647;
			files = (
				CEC155872C400FCB0030B3C5 /* NetworkManager.swift in Sources */,
				CEE022DB2C3ED7AC00208A8A /* WeatherViewController.swift in Sources */,
				CEE022FD2C3EFAEE00208A8A /* APIRouter.swift in Sources */,
				CEE022EE2C3EE66B00208A8A /* BaseViewController.swift in Sources */,
				CEC1559A2C42667E0030B3C5 /* WeatherCondition.swift in Sources */,
				CEC155952C41492A0030B3C5 /* CurrentWeather.swift in Sources */,
				CEE022F02C3EF41900208A8A /* BaseView.swift in Sources */,
				CEC1558F2C4106E40030B3C5 /* Icon.swift in Sources */,
				CEE022FF2C3F573300208A8A /* APIKey.swift in Sources */,
				CEE022F52C3EF67E00208A8A /* Observable.swift in Sources */,
				CEC155982C4150410030B3C5 /* Reusable.swift in Sources */,
				CEE022D72C3ED7AC00208A8A /* AppDelegate.swift in Sources */,
				CEC1558A2C40FBAD0030B3C5 /* SearchViewController.swift in Sources */,
				CEE023132C40006B00208A8A /* City.swift in Sources */,
				CEC1558C2C40FBB80030B3C5 /* SearchView.swift in Sources */,
				CEE022F32C3EF61200208A8A /* IdentifierProtocol.swift in Sources */,
				CEC155912C41343D0030B3C5 /* WeatherViewModel.swift in Sources */,
				CEC155932C4134970030B3C5 /* SearchViewModel.swift in Sources */,
				CEE022D92C3ED7AC00208A8A /* SceneDelegate.swift in Sources */,
				CEE022F72C3EF77500208A8A /* WeatherView.swift in Sources */,
			);
			runOnlyForDeploymentPostprocessing = 0;
		};
/* End PBXSourcesBuildPhase section */

/* Begin PBXVariantGroup section */
		CEE022E12C3ED7AE00208A8A /* LaunchScreen.storyboard */ = {
			isa = PBXVariantGroup;
			children = (
				CEE022E22C3ED7AE00208A8A /* Base */,
			);
			name = LaunchScreen.storyboard;
			sourceTree = "<group>";
		};
/* End PBXVariantGroup section */

/* Begin XCBuildConfiguration section */
		CEE022E52C3ED7AE00208A8A /* Debug */ = {
			isa = XCBuildConfiguration;
			buildSettings = {
				ALWAYS_SEARCH_USER_PATHS = NO;
				ASSETCATALOG_COMPILER_GENERATE_SWIFT_ASSET_SYMBOL_EXTENSIONS = YES;
				CLANG_ANALYZER_NONNULL = YES;
				CLANG_ANALYZER_NUMBER_OBJECT_CONVERSION = YES_AGGRESSIVE;
				CLANG_CXX_LANGUAGE_STANDARD = "gnu++20";
				CLANG_ENABLE_MODULES = YES;
				CLANG_ENABLE_OBJC_ARC = YES;
				CLANG_ENABLE_OBJC_WEAK = YES;
				CLANG_WARN_BLOCK_CAPTURE_AUTORELEASING = YES;
				CLANG_WARN_BOOL_CONVERSION = YES;
				CLANG_WARN_COMMA = YES;
				CLANG_WARN_CONSTANT_CONVERSION = YES;
				CLANG_WARN_DEPRECATED_OBJC_IMPLEMENTATIONS = YES;
				CLANG_WARN_DIRECT_OBJC_ISA_USAGE = YES_ERROR;
				CLANG_WARN_DOCUMENTATION_COMMENTS = YES;
				CLANG_WARN_EMPTY_BODY = YES;
				CLANG_WARN_ENUM_CONVERSION = YES;
				CLANG_WARN_INFINITE_RECURSION = YES;
				CLANG_WARN_INT_CONVERSION = YES;
				CLANG_WARN_NON_LITERAL_NULL_CONVERSION = YES;
				CLANG_WARN_OBJC_IMPLICIT_RETAIN_SELF = YES;
				CLANG_WARN_OBJC_LITERAL_CONVERSION = YES;
				CLANG_WARN_OBJC_ROOT_CLASS = YES_ERROR;
				CLANG_WARN_QUOTED_INCLUDE_IN_FRAMEWORK_HEADER = YES;
				CLANG_WARN_RANGE_LOOP_ANALYSIS = YES;
				CLANG_WARN_STRICT_PROTOTYPES = YES;
				CLANG_WARN_SUSPICIOUS_MOVE = YES;
				CLANG_WARN_UNGUARDED_AVAILABILITY = YES_AGGRESSIVE;
				CLANG_WARN_UNREACHABLE_CODE = YES;
				CLANG_WARN__DUPLICATE_METHOD_MATCH = YES;
				COPY_PHASE_STRIP = NO;
				DEBUG_INFORMATION_FORMAT = dwarf;
				ENABLE_STRICT_OBJC_MSGSEND = YES;
				ENABLE_TESTABILITY = YES;
				ENABLE_USER_SCRIPT_SANDBOXING = YES;
				GCC_C_LANGUAGE_STANDARD = gnu17;
				GCC_DYNAMIC_NO_PIC = NO;
				GCC_NO_COMMON_BLOCKS = YES;
				GCC_OPTIMIZATION_LEVEL = 0;
				GCC_PREPROCESSOR_DEFINITIONS = (
					"DEBUG=1",
					"$(inherited)",
				);
				GCC_WARN_64_TO_32_BIT_CONVERSION = YES;
				GCC_WARN_ABOUT_RETURN_TYPE = YES_ERROR;
				GCC_WARN_UNDECLARED_SELECTOR = YES;
				GCC_WARN_UNINITIALIZED_AUTOS = YES_AGGRESSIVE;
				GCC_WARN_UNUSED_FUNCTION = YES;
				GCC_WARN_UNUSED_VARIABLE = YES;
				IPHONEOS_DEPLOYMENT_TARGET = 17.5;
				LOCALIZATION_PREFERS_STRING_CATALOGS = YES;
				MTL_ENABLE_DEBUG_INFO = INCLUDE_SOURCE;
				MTL_FAST_MATH = YES;
				ONLY_ACTIVE_ARCH = YES;
				SDKROOT = iphoneos;
				SWIFT_ACTIVE_COMPILATION_CONDITIONS = "DEBUG $(inherited)";
				SWIFT_OPTIMIZATION_LEVEL = "-Onone";
			};
			name = Debug;
		};
		CEE022E62C3ED7AE00208A8A /* Release */ = {
			isa = XCBuildConfiguration;
			buildSettings = {
				ALWAYS_SEARCH_USER_PATHS = NO;
				ASSETCATALOG_COMPILER_GENERATE_SWIFT_ASSET_SYMBOL_EXTENSIONS = YES;
				CLANG_ANALYZER_NONNULL = YES;
				CLANG_ANALYZER_NUMBER_OBJECT_CONVERSION = YES_AGGRESSIVE;
				CLANG_CXX_LANGUAGE_STANDARD = "gnu++20";
				CLANG_ENABLE_MODULES = YES;
				CLANG_ENABLE_OBJC_ARC = YES;
				CLANG_ENABLE_OBJC_WEAK = YES;
				CLANG_WARN_BLOCK_CAPTURE_AUTORELEASING = YES;
				CLANG_WARN_BOOL_CONVERSION = YES;
				CLANG_WARN_COMMA = YES;
				CLANG_WARN_CONSTANT_CONVERSION = YES;
				CLANG_WARN_DEPRECATED_OBJC_IMPLEMENTATIONS = YES;
				CLANG_WARN_DIRECT_OBJC_ISA_USAGE = YES_ERROR;
				CLANG_WARN_DOCUMENTATION_COMMENTS = YES;
				CLANG_WARN_EMPTY_BODY = YES;
				CLANG_WARN_ENUM_CONVERSION = YES;
				CLANG_WARN_INFINITE_RECURSION = YES;
				CLANG_WARN_INT_CONVERSION = YES;
				CLANG_WARN_NON_LITERAL_NULL_CONVERSION = YES;
				CLANG_WARN_OBJC_IMPLICIT_RETAIN_SELF = YES;
				CLANG_WARN_OBJC_LITERAL_CONVERSION = YES;
				CLANG_WARN_OBJC_ROOT_CLASS = YES_ERROR;
				CLANG_WARN_QUOTED_INCLUDE_IN_FRAMEWORK_HEADER = YES;
				CLANG_WARN_RANGE_LOOP_ANALYSIS = YES;
				CLANG_WARN_STRICT_PROTOTYPES = YES;
				CLANG_WARN_SUSPICIOUS_MOVE = YES;
				CLANG_WARN_UNGUARDED_AVAILABILITY = YES_AGGRESSIVE;
				CLANG_WARN_UNREACHABLE_CODE = YES;
				CLANG_WARN__DUPLICATE_METHOD_MATCH = YES;
				COPY_PHASE_STRIP = NO;
				DEBUG_INFORMATION_FORMAT = "dwarf-with-dsym";
				ENABLE_NS_ASSERTIONS = NO;
				ENABLE_STRICT_OBJC_MSGSEND = YES;
				ENABLE_USER_SCRIPT_SANDBOXING = YES;
				GCC_C_LANGUAGE_STANDARD = gnu17;
				GCC_NO_COMMON_BLOCKS = YES;
				GCC_WARN_64_TO_32_BIT_CONVERSION = YES;
				GCC_WARN_ABOUT_RETURN_TYPE = YES_ERROR;
				GCC_WARN_UNDECLARED_SELECTOR = YES;
				GCC_WARN_UNINITIALIZED_AUTOS = YES_AGGRESSIVE;
				GCC_WARN_UNUSED_FUNCTION = YES;
				GCC_WARN_UNUSED_VARIABLE = YES;
				IPHONEOS_DEPLOYMENT_TARGET = 17.5;
				LOCALIZATION_PREFERS_STRING_CATALOGS = YES;
				MTL_ENABLE_DEBUG_INFO = NO;
				MTL_FAST_MATH = YES;
				SDKROOT = iphoneos;
				SWIFT_COMPILATION_MODE = wholemodule;
				VALIDATE_PRODUCT = YES;
			};
			name = Release;
		};
		CEE022E82C3ED7AE00208A8A /* Debug */ = {
			isa = XCBuildConfiguration;
			buildSettings = {
				ASSETCATALOG_COMPILER_APPICON_NAME = AppIcon;
				ASSETCATALOG_COMPILER_GLOBAL_ACCENT_COLOR_NAME = AccentColor;
				CODE_SIGN_STYLE = Automatic;
				CURRENT_PROJECT_VERSION = 1;
				GENERATE_INFOPLIST_FILE = YES;
				INFOPLIST_FILE = Weather/Resource/Info.plist;
				INFOPLIST_KEY_UIApplicationSupportsIndirectInputEvents = YES;
				INFOPLIST_KEY_UILaunchStoryboardName = LaunchScreen;
				INFOPLIST_KEY_UISupportedInterfaceOrientations = UIInterfaceOrientationPortrait;
				INFOPLIST_KEY_UISupportedInterfaceOrientations_iPad = UIInterfaceOrientationPortrait;
				IPHONEOS_DEPLOYMENT_TARGET = 16.0;
				LD_RUNPATH_SEARCH_PATHS = (
					"$(inherited)",
					"@executable_path/Frameworks",
				);
				MARKETING_VERSION = 1.0;
				PRODUCT_BUNDLE_IDENTIFIER = com.nero.Weather;
				PRODUCT_NAME = "$(TARGET_NAME)";
				SUPPORTED_PLATFORMS = "iphoneos iphonesimulator";
				SUPPORTS_MACCATALYST = NO;
				SUPPORTS_MAC_DESIGNED_FOR_IPHONE_IPAD = NO;
				SUPPORTS_XR_DESIGNED_FOR_IPHONE_IPAD = NO;
				SWIFT_EMIT_LOC_STRINGS = YES;
				SWIFT_VERSION = 5.0;
				TARGETED_DEVICE_FAMILY = 1;
			};
			name = Debug;
		};
		CEE022E92C3ED7AE00208A8A /* Release */ = {
			isa = XCBuildConfiguration;
			buildSettings = {
				ASSETCATALOG_COMPILER_APPICON_NAME = AppIcon;
				ASSETCATALOG_COMPILER_GLOBAL_ACCENT_COLOR_NAME = AccentColor;
				CODE_SIGN_STYLE = Automatic;
				CURRENT_PROJECT_VERSION = 1;
				GENERATE_INFOPLIST_FILE = YES;
				INFOPLIST_FILE = Weather/Resource/Info.plist;
				INFOPLIST_KEY_UIApplicationSupportsIndirectInputEvents = YES;
				INFOPLIST_KEY_UILaunchStoryboardName = LaunchScreen;
				INFOPLIST_KEY_UISupportedInterfaceOrientations = UIInterfaceOrientationPortrait;
				INFOPLIST_KEY_UISupportedInterfaceOrientations_iPad = UIInterfaceOrientationPortrait;
				IPHONEOS_DEPLOYMENT_TARGET = 16.0;
				LD_RUNPATH_SEARCH_PATHS = (
					"$(inherited)",
					"@executable_path/Frameworks",
				);
				MARKETING_VERSION = 1.0;
				PRODUCT_BUNDLE_IDENTIFIER = com.nero.Weather;
				PRODUCT_NAME = "$(TARGET_NAME)";
				SUPPORTED_PLATFORMS = "iphoneos iphonesimulator";
				SUPPORTS_MACCATALYST = NO;
				SUPPORTS_MAC_DESIGNED_FOR_IPHONE_IPAD = NO;
				SUPPORTS_XR_DESIGNED_FOR_IPHONE_IPAD = NO;
				SWIFT_EMIT_LOC_STRINGS = YES;
				SWIFT_VERSION = 5.0;
				TARGETED_DEVICE_FAMILY = 1;
			};
			name = Release;
		};
/* End XCBuildConfiguration section */

/* Begin XCConfigurationList section */
		CEE022CE2C3ED7AB00208A8A /* Build configuration list for PBXProject "Weather" */ = {
			isa = XCConfigurationList;
			buildConfigurations = (
				CEE022E52C3ED7AE00208A8A /* Debug */,
				CEE022E62C3ED7AE00208A8A /* Release */,
			);
			defaultConfigurationIsVisible = 0;
			defaultConfigurationName = Release;
		};
		CEE022E72C3ED7AE00208A8A /* Build configuration list for PBXNativeTarget "Weather" */ = {
			isa = XCConfigurationList;
			buildConfigurations = (
				CEE022E82C3ED7AE00208A8A /* Debug */,
				CEE022E92C3ED7AE00208A8A /* Release */,
			);
			defaultConfigurationIsVisible = 0;
			defaultConfigurationName = Release;
		};
/* End XCConfigurationList section */

/* Begin XCRemoteSwiftPackageReference section */
		CEE022F82C3EF84A00208A8A /* XCRemoteSwiftPackageReference "Alamofire" */ = {
			isa = XCRemoteSwiftPackageReference;
			repositoryURL = "https://github.com/Alamofire/Alamofire.git";
			requirement = {
				kind = upToNextMajorVersion;
				minimumVersion = 5.9.1;
			};
		};
/* End XCRemoteSwiftPackageReference section */

/* Begin XCSwiftPackageProductDependency section */
		CEE022F92C3EF84A00208A8A /* Alamofire */ = {
			isa = XCSwiftPackageProductDependency;
			package = CEE022F82C3EF84A00208A8A /* XCRemoteSwiftPackageReference "Alamofire" */;
			productName = Alamofire;
		};
/* End XCSwiftPackageProductDependency section */
	};
	rootObject = CEE022CB2C3ED7AB00208A8A /* Project object */;
}
